
Microsoft Visual Studio Solution File, Format Version 12.00
# Visual Studio Version 16
VisualStudioVersion = 16.0.30717.126
MinimumVisualStudioVersion = 15.0.26124.0
Project("{9A19103F-16F7-4668-BE54-9A1E7A4F7556}") = "NB.PartiallyCovered.Api", "NB.PartiallyCovered.Api\NB.PartiallyCovered.Api.csproj", "{4476DA94-DEBF-46E5-A3E3-1DFFBDF848F5}"
EndProject
Project("{9A19103F-16F7-4668-BE54-9A1E7A4F7556}") = "NB.PartiallyCovered.Api.Tests", "NB.PartiallyCovered.Api.Tests\NB.PartiallyCovered.Api.Tests.csproj", "{7512EDA5-2ECD-4358-B2DE-4D65E0A53593}"
EndProject
Global
	GlobalSection(SolutionConfigurationPlatforms) = preSolution
		Debug|Any CPU = Debug|Any CPU
		Debug|x64 = Debug|x64
		Debug|x86 = Debug|x86
		Release|Any CPU = Release|Any CPU
		Release|x64 = Release|x64
		Release|x86 = Release|x86
	EndGlobalSection
	GlobalSection(ProjectConfigurationPlatforms) = postSolution
		{4476DA94-DEBF-46E5-A3E3-1DFFBDF848F5}.Debug|Any CPU.ActiveCfg = Debug|Any CPU
		{4476DA94-DEBF-46E5-A3E3-1DFFBDF848F5}.Debug|Any CPU.Build.0 = Debug|Any CPU
		{4476DA94-DEBF-46E5-A3E3-1DFFBDF848F5}.Debug|x64.ActiveCfg = Debug|Any CPU
		{4476DA94-DEBF-46E5-A3E3-1DFFBDF848F5}.Debug|x64.Build.0 = Debug|Any CPU
		{4476DA94-DEBF-46E5-A3E3-1DFFBDF848F5}.Debug|x86.ActiveCfg = Debug|Any CPU
		{4476DA94-DEBF-46E5-A3E3-1DFFBDF848F5}.Debug|x86.Build.0 = Debug|Any CPU
		{4476DA94-DEBF-46E5-A3E3-1DFFBDF848F5}.Release|Any CPU.ActiveCfg = Release|Any CPU
		{4476DA94-DEBF-46E5-A3E3-1DFFBDF848F5}.Release|Any CPU.Build.0 = Release|Any CPU
		{4476DA94-DEBF-46E5-A3E3-1DFFBDF848F5}.Release|x64.ActiveCfg = Release|Any CPU
		{4476DA94-DEBF-46E5-A3E3-1DFFBDF848F5}.Release|x64.Build.0 = Release|Any CPU
		{4476DA94-DEBF-46E5-A3E3-1DFFBDF848F5}.Release|x86.ActiveCfg = Release|Any CPU
		{4476DA94-DEBF-46E5-A3E3-1DFFBDF848F5}.Release|x86.Build.0 = Release|Any CPU
		{7512EDA5-2ECD-4358-B2DE-4D65E0A53593}.Debug|Any CPU.ActiveCfg = Debug|Any CPU
		{7512EDA5-2ECD-4358-B2DE-4D65E0A53593}.Debug|Any CPU.Build.0 = Debug|Any CPU
		{7512EDA5-2ECD-4358-B2DE-4D65E0A53593}.Debug|x64.ActiveCfg = Debug|Any CPU
		{7512EDA5-2ECD-4358-B2DE-4D65E0A53593}.Debug|x64.Build.0 = Debug|Any CPU
		{7512EDA5-2ECD-4358-B2DE-4D65E0A53593}.Debug|x86.ActiveCfg = Debug|Any CPU
		{7512EDA5-2ECD-4358-B2DE-4D65E0A53593}.Debug|x86.Build.0 = Debug|Any CPU
		{7512EDA5-2ECD-4358-B2DE-4D65E0A53593}.Release|Any CPU.ActiveCfg = Release|Any CPU
		{7512EDA5-2ECD-4358-B2DE-4D65E0A53593}.Release|Any CPU.Build.0 = Release|Any CPU
		{7512EDA5-2ECD-4358-B2DE-4D65E0A53593}.Release|x64.ActiveCfg = Release|Any CPU
		{7512EDA5-2ECD-4358-B2DE-4D65E0A53593}.Release|x64.Build.0 = Release|Any CPU
		{7512EDA5-2ECD-4358-B2DE-4D65E0A53593}.Release|x86.ActiveCfg = Release|Any CPU
		{7512EDA5-2ECD-4358-B2DE-4D65E0A53593}.Release|x86.Build.0 = Release|Any CPU
	EndGlobalSection
	GlobalSection(SolutionProperties) = preSolution
		HideSolutionNode = FALSE
	EndGlobalSection
	GlobalSection(ExtensibilityGlobals) = postSolution
		SolutionGuid = {D0A2F6F0-02A1-49A5-B177-22E0CE4C18B8}
	EndGlobalSection
EndGlobal
